
Microsoft Visual Studio Solution File, Format Version 12.00
# Visual Studio Version 16
VisualStudioVersion = 16.0.34601.136
MinimumVisualStudioVersion = 10.0.40219.1
Project("{FAE04EC0-301F-11D3-BF4B-00C04F79EFBC}") = "ConsoleApp1", "ConsoleApp1\ConsoleApp1.csproj", "{B1E6F250-B479-4F4C-95DA-4D12D48FE9CA}"
EndProject
Global
	GlobalSection(SolutionConfigurationPlatforms) = preSolution
		Debug|Any CPU = Debug|Any CPU
		Release|Any CPU = Release|Any CPU
	EndGlobalSection
	GlobalSection(ProjectConfigurationPlatforms) = postSolution
		{B1E6F250-B479-4F4C-95DA-4D12D48FE9CA}.Debug|Any CPU.ActiveCfg = Debug|Any CPU
		{B1E6F250-B479-4F4C-95DA-4D12D48FE9CA}.Debug|Any CPU.Build.0 = Debug|Any CPU
		{B1E6F250-B479-4F4C-95DA-4D12D48FE9CA}.Release|Any CPU.ActiveCfg = Release|Any CPU
		{B1E6F250-B479-4F4C-95DA-4D12D48FE9CA}.Release|Any CPU.Build.0 = Release|Any CPU
	EndGlobalSection
	GlobalSection(SolutionProperties) = preSolution
		HideSolutionNode = FALSE
	EndGlobalSection
	GlobalSection(ExtensibilityGlobals) = postSolution
		SolutionGuid = {7D7B0943-8A17-4A50-BCA0-27B240EEE15B}
	EndGlobalSection
EndGlobal
